{
    "_readme": [
        "This file locks the dependencies of your project to a known state",
        "Read more about it at https://getcomposer.org/doc/01-basic-usage.md#installing-dependencies",
        "This file is @generated automatically"
    ],
    "content-hash": "d0c4b77d0d0536dcdbcf79caba0e3786",
    "packages": [
        {
            "name": "jtsternberg/cmb2-related-links",
            "version": "v0.1.1",
            "source": {
                "type": "git",
                "url": "https://github.com/jtsternberg/CMB2-Related-Links.git",
                "reference": "a26e71522eed60cfd8e8596f4a2a83a56f1b8226"
            },
            "dist": {
                "type": "zip",
                "url": "https://api.github.com/repos/jtsternberg/CMB2-Related-Links/zipball/a26e71522eed60cfd8e8596f4a2a83a56f1b8226",
                "reference": "a26e71522eed60cfd8e8596f4a2a83a56f1b8226",
                "shasum": ""
            },
            "require": {
                "php": ">=5.2"
            },
            "type": "library",
            "autoload": {
                "files": [
                    "cmb2-related-links.php"
                ]
            },
            "notification-url": "https://packagist.org/downloads/",
            "license": [
                "GPL-2.0+"
            ],
            "authors": [
                {
                    "name": "jtsternberg",
                    "email": "justin@dsgnwrks.pro",
                    "homepage": "http://dsgnwrks.pro/",
                    "role": "Developer"
                }
            ],
            "description": "Custom field for CMB2 which adds a releated links repeatable group field.",
            "homepage": "https://github.com/jtsternberg/CMB2-Related-Links",
            "keywords": [
                "CMB2",
                "meta",
                "wordpress"
            ],
            "support": {
                "issues": "https://github.com/jtsternberg/CMB2-Related-Links/issues",
                "source": "https://github.com/jtsternberg/CMB2-Related-Links"
            },
            "time": "2016-05-30T07:10:25+00:00"
        },
        {
            "name": "jtsternberg/cmb2-term-select",
            "version": "v0.1.0",
            "source": {
                "type": "git",
                "url": "https://github.com/jtsternberg/cmb2-term-select.git",
                "reference": "0f2344572916a2a924f0cdcd7c476a612f88bfed"
            },
            "dist": {
                "type": "zip",
                "url": "https://api.github.com/repos/jtsternberg/cmb2-term-select/zipball/0f2344572916a2a924f0cdcd7c476a612f88bfed",
                "reference": "0f2344572916a2a924f0cdcd7c476a612f88bfed",
                "shasum": ""
            },
            "require": {
                "php": ">=5.2"
            },
            "type": "library",
            "autoload": {
                "files": [
                    "cmb2-term-select.php"
                ]
            },
            "notification-url": "https://packagist.org/downloads/",
            "license": [
                "GPL-2.0+"
            ],
            "authors": [
                {
                    "name": "jtsternberg",
                    "email": "justin@dsgnwrks.pro",
                    "homepage": "http://dsgnwrks.pro/",
                    "role": "Developer"
                }
            ],
            "description": "Special CMB2 Field that allows users to define an autocomplete text field for terms",
            "homepage": "https://github.com/jtsternberg/cmb2-term-select",
            "keywords": [
                "CMB2",
                "meta",
                "wordpress"
            ],
            "support": {
                "issues": "https://github.com/jtsternberg/cmb2-term-select/issues",
                "source": "https://github.com/jtsternberg/cmb2-term-select"
            },
            "time": "2016-05-30T06:08:55+00:00"
        },
        {
            "name": "jtsternberg/shortcode-button",
            "version": "v1.0.7",
            "source": {
                "type": "git",
                "url": "https://github.com/jtsternberg/Shortcode_Button.git",
                "reference": "50a9cc8cfdeb5772570578c1f19ab408e0702b9c"
            },
            "dist": {
                "type": "zip",
                "url": "https://api.github.com/repos/jtsternberg/Shortcode_Button/zipball/50a9cc8cfdeb5772570578c1f19ab408e0702b9c",
                "reference": "50a9cc8cfdeb5772570578c1f19ab408e0702b9c",
                "shasum": ""
            },
            "require": {
                "php": ">5.2"
            },
            "type": "wordpress-plugin",
            "autoload": {
                "classmap": [
                    "shortcode-button.php"
                ]
            },
            "notification-url": "https://packagist.org/downloads/",
            "license": [
                "GPL-2.0+"
            ],
            "authors": [
                {
                    "name": "jtsternberg",
                    "email": "justin@dsgnwrks.pro",
                    "homepage": "http://dsgnwrks.pro/",
                    "role": "Developer"
                }
            ],
            "description": "Tinymce and Quicktag buttons (and modals) for outputting shortcodes. Built to work with CMB2.",
            "homepage": "https://github.com/jtsternberg/Shortcode_Button",
            "keywords": [
                "CMB2",
                "shortcodes",
                "wordpress"
            ],
            "support": {
                "issues": "https://github.com/jtsternberg/Shortcode_Button/issues",
                "source": "https://github.com/jtsternberg/Shortcode_Button"
            },
            "time": "2017-06-07T15:59:21+00:00"
        },
        {
            "name": "techcrunch/wp-async-task",
            "version": "dev-master",
            "source": {
                "type": "git",
                "url": "https://github.com/techcrunch/wp-async-task.git",
                "reference": "9bdbbf9df4ff5179711bb58b9a2451296f6753dc"
            },
            "dist": {
                "type": "zip",
                "url": "https://api.github.com/repos/techcrunch/wp-async-task/zipball/9bdbbf9df4ff5179711bb58b9a2451296f6753dc",
                "reference": "9bdbbf9df4ff5179711bb58b9a2451296f6753dc",
                "shasum": ""
            },
            "require-dev": {
                "10up/wp_mock": "dev-master",
                "phpunit/phpunit": "*@stable"
            },
            "default-branch": true,
            "type": "wordpress-plugin",
            "autoload": {
                "classmap": [
                    "wp-async-task.php"
                ]
            },
            "notification-url": "https://packagist.org/downloads/",
            "license": [
                "MIT"
            ],
            "authors": [
                {
                    "name": "Alex Khadiwala",
                    "role": "developer"
                },
                {
                    "name": "Nicolas Vincent",
                    "role": "developer"
                },
                {
                    "name": "Eric Mann",
                    "email": "eric.mann@10up.com",
                    "role": "developer"
                },
                {
                    "name": "John P. Bloch",
                    "email": "john.bloch@10up.com",
                    "role": "developer"
                }
            ],
            "description": "Run asynchronous tasks for long-running operations in WordPress",
            "support": {
                "issues": "https://github.com/techcrunch/wp-async-task/issues",
                "source": "https://github.com/techcrunch/wp-async-task/tree/master"
            },
            "time": "2016-03-10T17:37:13+00:00"
        },
        {
            "name": "tgmpa/tgm-plugin-activation",
            "version": "2.5.2",
            "source": {
                "type": "git",
                "url": "https://github.com/TGMPA/TGM-Plugin-Activation.git",
                "reference": "ba41c10e821a10d3d6c3b8e468a16716bb03f125"
            },
            "dist": {
                "type": "zip",
                "url": "https://api.github.com/repos/TGMPA/TGM-Plugin-Activation/zipball/ba41c10e821a10d3d6c3b8e468a16716bb03f125",
                "reference": "ba41c10e821a10d3d6c3b8e468a16716bb03f125",
                "shasum": ""
            },
            "require": {
                "php": ">=5.2"
            },
            "type": "library",
            "autoload": {
                "files": [
                    "class-tgm-plugin-activation.php"
                ]
            },
            "notification-url": "https://packagist.org/downloads/",
            "license": [
                "GPL-2.0+"
            ],
            "authors": [
                {
                    "name": "Thomas Griffin",
                    "homepage": "http://thomasgriffinmedia.com",
                    "role": "Developer"
                },
                {
                    "name": "Gary Jones",
                    "homepage": "https://github.com/GaryJones",
                    "role": "Developer"
                },
                {
                    "name": "Juliette Reinders Folmer",
                    "homepage": "https://github.com/jrfnl",
                    "role": "Developer"
                }
            ],
            "description": "TGM Plugin Activation is a PHP library that allows you to easily require or recommend plugins for your WordPress themes (and plugins).",
            "homepage": "http://tgmpluginactivation.com",
            "keywords": [
                "activation",
                "library",
                "plugins",
                "theme",
                "wordpress"
            ],
            "support": {
                "issues": "https://github.com/TGMPA/TGM-Plugin-Activation/issues",
                "source": "https://github.com/TGMPA/TGM-Plugin-Activation"
            },
            "time": "2015-07-16T08:59:11+00:00"
        },
        {
            "name": "webdevstudios/cmb2-post-search-field",
            "version": "v0.2.5",
            "source": {
                "type": "git",
                "url": "https://github.com/WebDevStudios/CMB2-Post-Search-field.git",
                "reference": "f1c0422a3de6e95f5b5597fe734f86ae51990ce8"
            },
            "dist": {
                "type": "zip",
                "url": "https://api.github.com/repos/WebDevStudios/CMB2-Post-Search-field/zipball/f1c0422a3de6e95f5b5597fe734f86ae51990ce8",
                "reference": "f1c0422a3de6e95f5b5597fe734f86ae51990ce8",
                "shasum": ""
            },
            "require": {
                "php": ">5.2.4"
            },
            "suggest": {
                "composer/installers": "~1.0"
            },
            "type": "wordpress-plugin",
            "notification-url": "https://packagist.org/downloads/",
            "license": [
                "GPL-2.0+"
            ],
            "authors": [
                {
                    "name": "WebDevStudios",
                    "email": "contact@webdevstudios.com",
                    "homepage": "https://github.com/WebDevStudios",
                    "role": "Developer"
                }
            ],
            "description": "Custom field for CMB2 which adds a post-search dialog for searching/attaching other post IDs.",
            "homepage": "https://github.com/WebDevStudios/CMB2",
            "keywords": [
                "field",
                "metabox",
                "plugin",
                "search",
                "wordpress"
            ],
            "support": {
                "issues": "https://github.com/WebDevStudios/CMB2-Post-Search-field/issues",
                "source": "https://github.com/WebDevStudios/CMB2-Post-Search-field"
            },
            "time": "2016-05-30T06:58:49+00:00"
        },
        {
            "name": "webdevstudios/cmb2-user-select",
            "version": "v0.2.3",
            "source": {
                "type": "git",
                "url": "https://github.com/WebDevStudios/CMB2-User-Select.git",
                "reference": "b5a57b91d8c5c42f2300690641b21cba6e0f75bb"
            },
            "dist": {
                "type": "zip",
                "url": "https://api.github.com/repos/WebDevStudios/CMB2-User-Select/zipball/b5a57b91d8c5c42f2300690641b21cba6e0f75bb",
                "reference": "b5a57b91d8c5c42f2300690641b21cba6e0f75bb",
                "shasum": ""
            },
            "require": {
                "php": ">=5.2"
            },
            "type": "wordpress-plugin",
            "autoload": {
                "files": [
                    "cmb2-user-select.php"
                ]
            },
            "notification-url": "https://packagist.org/downloads/",
            "license": [
                "GPL-2.0+"
            ],
            "authors": [
                {
                    "name": "WebDevStudios",
                    "email": "contact@webdevstudios.com",
                    "homepage": "https://github.com/WebDevStudios",
                    "role": "Developer"
                }
            ],
            "description": "Special CMB2 Field that allows users to define an autocomplete text field for users",
            "homepage": "https://github.com/WebDevStudios/CMB2-User-Select",
            "keywords": [
                "CMB2",
                "meta",
                "wordpress"
            ],
            "support": {
                "issues": "https://github.com/WebDevStudios/CMB2-User-Select/issues",
                "source": "https://github.com/WebDevStudios/CMB2-User-Select"
            },
            "time": "2017-06-07T15:30:01+00:00"
        },
        {
            "name": "webdevstudios/cpt-core",
            "version": "dev-master",
            "source": {
                "type": "git",
                "url": "https://github.com/WebDevStudios/CPT_Core.git",
                "reference": "8f878f1bfe52f0c3965fa1ee7fd3e62e82c91de5"
            },
            "dist": {
                "type": "zip",
                "url": "https://api.github.com/repos/WebDevStudios/CPT_Core/zipball/8f878f1bfe52f0c3965fa1ee7fd3e62e82c91de5",
                "reference": "8f878f1bfe52f0c3965fa1ee7fd3e62e82c91de5",
                "shasum": ""
            },
            "suggest": {
                "composer/installers": "~1.0"
            },
            "default-branch": true,
            "type": "wordpress-plugin",
            "autoload": {
                "files": [
                    "CPT_Core.php"
                ]
            },
            "notification-url": "https://packagist.org/downloads/",
            "license": [
                "GPLv2"
            ],
            "authors": [
                {
                    "name": "WebDevStudios",
                    "email": "contact@webdevstudios.com",
                    "homepage": "https://github.com/WebDevStudios",
                    "role": "Developer"
                }
            ],
            "description": "WordPress Custom Post Type OO wrapper",
            "homepage": "https://github.com/WebDevStudios/CPT_Core",
            "keywords": [
                "metabox",
                "plugin",
                "wordpress"
            ],
            "support": {
                "issues": "https://github.com/WebDevStudios/CPT_Core/issues",
                "source": "https://github.com/WebDevStudios/CPT_Core/tree/master"
            },
            "time": "2018-04-17T20:17:24+00:00"
        },
        {
            "name": "webdevstudios/taxonomy_core",
            "version": "v0.2.4",
            "source": {
                "type": "git",
                "url": "https://github.com/WebDevStudios/Taxonomy_Core.git",
                "reference": "80393ecb126d24ef3940ab7fa06635fe782701d8"
            },
            "dist": {
                "type": "zip",
                "url": "https://api.github.com/repos/WebDevStudios/Taxonomy_Core/zipball/80393ecb126d24ef3940ab7fa06635fe782701d8",
                "reference": "80393ecb126d24ef3940ab7fa06635fe782701d8",
                "shasum": ""
            },
            "type": "library",
            "autoload": {
                "files": [
                    "Taxonomy_Core.php"
                ]
            },
            "notification-url": "https://packagist.org/downloads/",
            "license": [
                "GPLv2"
            ],
            "authors": [
                {
                    "name": "WebDevStudios",
                    "email": "contact@webdevstudios.com"
                }
            ],
            "description": "A tool to make custom taxonomy registration just a bit simpler. Automatically registers taxonomy labels, and provides helpful methods.",
            "support": {
                "issues": "https://github.com/WebDevStudios/Taxonomy_Core/issues",
                "source": "https://github.com/WebDevStudios/Taxonomy_Core/tree/v0.2.4"
            },
            "time": "2016-02-27T20:21:38+00:00"
        },
        {
            "name": "webdevstudios/wds-shortcodes",
            "version": "v1.0.7",
            "source": {
                "type": "git",
                "url": "https://github.com/WebDevStudios/WDS-Shortcodes.git",
                "reference": "69b52b65d1120790e15303fff61f9749ac151e7f"
            },
            "dist": {
                "type": "zip",
                "url": "https://api.github.com/repos/WebDevStudios/WDS-Shortcodes/zipball/69b52b65d1120790e15303fff61f9749ac151e7f",
                "reference": "69b52b65d1120790e15303fff61f9749ac151e7f",
                "shasum": ""
            },
            "require": {
                "jtsternberg/shortcode-button": "^v1.0.7",
                "php": ">5.2",
                "tgmpa/tgm-plugin-activation": "2.5.2"
            },
            "type": "wordpress-plugin",
            "autoload": {
                "files": [
                    "vendor/jtsternberg/shortcode-button/shortcode-button.php"
                ],
                "classmap": [
                    "includes",
                    "vendor/tgmpa/tgm-plugin-activation/class-tgm-plugin-activation.php"
                ]
            },
            "notification-url": "https://packagist.org/downloads/",
            "license": [
                "GPL-2.0+"
            ],
            "authors": [
                {
                    "name": "WebDevStudios",
                    "email": "contact@webdevstudios.com",
                    "homepage": "https://github.com/WebDevStudios",
                    "role": "Developer"
                }
            ],
            "description": "Base plugin/classes/functionality for creating shortcodes.",
            "homepage": "https://github.com/WebDevStudios/WDS-Shortcodes",
            "keywords": [
                "json",
                "wordpress",
                "wp-api"
            ],
            "support": {
                "issues": "https://github.com/WebDevStudios/WDS-Shortcodes/issues",
                "source": "https://github.com/WebDevStudios/WDS-Shortcodes"
            },
            "time": "2017-06-07T16:02:24+00:00"
        },
        {
            "name": "xrstf/composer-php52",
            "version": "v1.0.21",
            "source": {
                "type": "git",
                "url": "https://github.com/composer-php52/composer-php52.git",
                "reference": "670ac996f93792f8de0427605cfef342b3429ff3"
            },
            "dist": {
                "type": "zip",
                "url": "https://api.github.com/repos/composer-php52/composer-php52/zipball/670ac996f93792f8de0427605cfef342b3429ff3",
                "reference": "670ac996f93792f8de0427605cfef342b3429ff3",
                "shasum": ""
            },
            "type": "library",
            "extra": {
                "branch-alias": {
                    "dev-default": "1.x-dev"
                }
            },
            "autoload": {
                "psr-0": {
                    "xrstf\\Composer52": "lib/"
                }
            },
            "notification-url": "https://packagist.org/downloads/",
            "license": [
                "MIT"
            ],
            "support": {
                "issues": "https://github.com/composer-php52/composer-php52/issues",
                "source": "https://github.com/composer-php52/composer-php52"
            },
            "time": "2022-06-08T03:23:46+00:00"
        }
    ],
    "packages-dev": [],
    "aliases": [],
    "minimum-stability": "dev",
    "stability-flags": {
        "techcrunch/wp-async-task": 20,
        "webdevstudios/cpt-core": 20
    },
    "prefer-stable": false,
    "prefer-lowest": false,
    "platform": {
        "php": ">=5.2"
    },
    "platform-dev": [],
    "plugin-api-version": "2.3.0"
}
